
Microsoft Visual Studio Solution File, Format Version 12.00
# Visual Studio Version 17
VisualStudioVersion = 17.4.32916.344
MinimumVisualStudioVersion = 10.0.40219.1
Project("{9A19103F-16F7-4668-BE54-9A1E7A4F7556}") = "E-Commerce-Admin-Dashboard-MVC", "E-Commerce-Admin-Dashboard-MVC.csproj", "{BFFB9C50-1341-4379-B392-F8C83D394F6F}"
EndProject
Project("{9A19103F-16F7-4668-BE54-9A1E7A4F7556}") = "E-CommerceDB", "..\..\E-CommerceDB\E-CommerceDB\E-CommerceDB.csproj", "{2A4F2954-B37B-48EC-B368-66D470034C98}"
EndProject
Global
	GlobalSection(SolutionConfigurationPlatforms) = preSolution
		Debug|Any CPU = Debug|Any CPU
		Release|Any CPU = Release|Any CPU
	EndGlobalSection
	GlobalSection(ProjectConfigurationPlatforms) = postSolution
		{BFFB9C50-1341-4379-B392-F8C83D394F6F}.Debug|Any CPU.ActiveCfg = Debug|Any CPU
		{BFFB9C50-1341-4379-B392-F8C83D394F6F}.Debug|Any CPU.Build.0 = Debug|Any CPU
		{BFFB9C50-1341-4379-B392-F8C83D394F6F}.Release|Any CPU.ActiveCfg = Release|Any CPU
		{BFFB9C50-1341-4379-B392-F8C83D394F6F}.Release|Any CPU.Build.0 = Release|Any CPU
		{2A4F2954-B37B-48EC-B368-66D470034C98}.Debug|Any CPU.ActiveCfg = Debug|Any CPU
		{2A4F2954-B37B-48EC-B368-66D470034C98}.Debug|Any CPU.Build.0 = Debug|Any CPU
		{2A4F2954-B37B-48EC-B368-66D470034C98}.Release|Any CPU.ActiveCfg = Release|Any CPU
		{2A4F2954-B37B-48EC-B368-66D470034C98}.Release|Any CPU.Build.0 = Release|Any CPU
	EndGlobalSection
	GlobalSection(SolutionProperties) = preSolution
		HideSolutionNode = FALSE
	EndGlobalSection
	GlobalSection(ExtensibilityGlobals) = postSolution
		SolutionGuid = {802E4307-1CDC-4BE3-9786-7DC725C954B3}
	EndGlobalSection
EndGlobal
